#MicroXplorer Configuration settings - do not modify
ADC1.Channel-0\#ChannelRegularConversion=ADC_CHANNEL_4
ADC1.IPParameters=Rank-0\#ChannelRegularConversion,master,Channel-0\#ChannelRegularConversion,SamplingTime-0\#ChannelRegularConversion,NbrOfConversionFlag
ADC1.NbrOfConversionFlag=1
ADC1.Rank-0\#ChannelRegularConversion=1
ADC1.SamplingTime-0\#ChannelRegularConversion=ADC_SAMPLETIME_480CYCLES
ADC1.master=1
CAD.formats=[{"id"\:0,"cad_product"\:"Altium Designer","cad_family"\:"Altium"}]
CAD.pinconfig=Dual
CAD.provider=
CAN1.ABOM=ENABLE
CAN1.BS1=CAN_BS1_5TQ
CAN1.BS2=CAN_BS2_2TQ
CAN1.CalculateBaudRate=250000
CAN1.CalculateTimeBit=4000
CAN1.CalculateTimeQuantum=500.0
CAN1.IPParameters=CalculateTimeQuantum,CalculateTimeBit,CalculateBaudRate,SJW,ABOM,BS1,Prescaler,BS2
CAN1.Prescaler=27
CAN1.SJW=CAN_SJW_3TQ
CAN2.ABOM=ENABLE
CAN2.BS1=CAN_BS1_5TQ
CAN2.BS2=CAN_BS2_2TQ
CAN2.CalculateBaudRate=250000
CAN2.CalculateTimeBit=4000
CAN2.CalculateTimeQuantum=500.0
CAN2.IPParameters=CalculateTimeQuantum,CalculateTimeBit,CalculateBaudRate,SJW,ABOM,BS1,Prescaler,BS2
CAN2.Prescaler=27
CAN2.SJW=CAN_SJW_3TQ
CAN3.ABOM=ENABLE
CAN3.BS1=CAN_BS1_5TQ
CAN3.BS2=CAN_BS2_2TQ
CAN3.CalculateBaudRate=250000
CAN3.CalculateTimeBit=4000
CAN3.CalculateTimeQuantum=500.0
CAN3.IPParameters=CalculateTimeQuantum,CalculateTimeBit,CalculateBaudRate,ABOM,SJW,BS1,Prescaler,BS2
CAN3.Prescaler=27
CAN3.SJW=CAN_SJW_3TQ
Dma.ADC1.12.Direction=DMA_PERIPH_TO_MEMORY
Dma.ADC1.12.FIFOMode=DMA_FIFOMODE_DISABLE
Dma.ADC1.12.Instance=DMA2_Stream4
Dma.ADC1.12.MemDataAlignment=DMA_MDATAALIGN_HALFWORD
Dma.ADC1.12.MemInc=DMA_MINC_ENABLE
Dma.ADC1.12.Mode=DMA_NORMAL
Dma.ADC1.12.PeriphDataAlignment=DMA_PDATAALIGN_HALFWORD
Dma.ADC1.12.PeriphInc=DMA_PINC_DISABLE
Dma.ADC1.12.Priority=DMA_PRIORITY_LOW
Dma.ADC1.12.RequestParameters=Instance,Direction,PeriphInc,MemInc,PeriphDataAlignment,MemDataAlignment,Mode,Priority,FIFOMode
Dma.QUADSPI.1.Direction=DMA_PERIPH_TO_MEMORY
Dma.QUADSPI.1.FIFOMode=DMA_FIFOMODE_DISABLE
Dma.QUADSPI.1.Instance=DMA2_Stream2
Dma.QUADSPI.1.MemDataAlignment=DMA_MDATAALIGN_BYTE
Dma.QUADSPI.1.MemInc=DMA_MINC_ENABLE
Dma.QUADSPI.1.Mode=DMA_NORMAL
Dma.QUADSPI.1.PeriphDataAlignment=DMA_PDATAALIGN_BYTE
Dma.QUADSPI.1.PeriphInc=DMA_PINC_DISABLE
Dma.QUADSPI.1.Priority=DMA_PRIORITY_LOW
Dma.QUADSPI.1.RequestParameters=Instance,Direction,PeriphInc,MemInc,PeriphDataAlignment,MemDataAlignment,Mode,Priority,FIFOMode
Dma.Request0=SDMMC1
Dma.Request1=QUADSPI
Dma.Request10=USART2_TX
Dma.Request11=USART3_TX
Dma.Request12=ADC1
Dma.Request2=SDMMC2_RX
Dma.Request3=SDMMC2_TX
Dma.Request4=SPI4_RX
Dma.Request5=SPI4_TX
Dma.Request6=UART5_TX
Dma.Request7=UART7_TX
Dma.Request8=UART8_TX
Dma.Request9=USART1_TX
Dma.RequestsNb=13
Dma.SDMMC1.0.Direction=DMA_PERIPH_TO_MEMORY
Dma.SDMMC1.0.FIFOMode=DMA_FIFOMODE_ENABLE
Dma.SDMMC1.0.FIFOThreshold=DMA_FIFO_THRESHOLD_FULL
Dma.SDMMC1.0.Instance=DMA2_Stream6
Dma.SDMMC1.0.MemBurst=DMA_MBURST_INC4
Dma.SDMMC1.0.MemDataAlignment=DMA_MDATAALIGN_WORD
Dma.SDMMC1.0.MemInc=DMA_MINC_ENABLE
Dma.SDMMC1.0.Mode=DMA_PFCTRL
Dma.SDMMC1.0.PeriphBurst=DMA_PBURST_INC4
Dma.SDMMC1.0.PeriphDataAlignment=DMA_PDATAALIGN_WORD
Dma.SDMMC1.0.PeriphInc=DMA_PINC_DISABLE
Dma.SDMMC1.0.Priority=DMA_PRIORITY_HIGH
Dma.SDMMC1.0.RequestParameters=Instance,Direction,PeriphInc,MemInc,PeriphDataAlignment,MemDataAlignment,Mode,Priority,FIFOMode,FIFOThreshold,MemBurst,PeriphBurst
Dma.SDMMC2_RX.2.Direction=DMA_PERIPH_TO_MEMORY
Dma.SDMMC2_RX.2.FIFOMode=DMA_FIFOMODE_ENABLE
Dma.SDMMC2_RX.2.FIFOThreshold=DMA_FIFO_THRESHOLD_FULL
Dma.SDMMC2_RX.2.Instance=DMA2_Stream5
Dma.SDMMC2_RX.2.MemBurst=DMA_MBURST_INC4
Dma.SDMMC2_RX.2.MemDataAlignment=DMA_MDATAALIGN_WORD
Dma.SDMMC2_RX.2.MemInc=DMA_MINC_ENABLE
Dma.SDMMC2_RX.2.Mode=DMA_PFCTRL
Dma.SDMMC2_RX.2.PeriphBurst=DMA_PBURST_INC4
Dma.SDMMC2_RX.2.PeriphDataAlignment=DMA_PDATAALIGN_WORD
Dma.SDMMC2_RX.2.PeriphInc=DMA_PINC_DISABLE
Dma.SDMMC2_RX.2.Priority=DMA_PRIORITY_LOW
Dma.SDMMC2_RX.2.RequestParameters=Instance,Direction,PeriphInc,MemInc,PeriphDataAlignment,MemDataAlignment,Mode,Priority,FIFOMode,FIFOThreshold,MemBurst,PeriphBurst
Dma.SDMMC2_TX.3.Direction=DMA_MEMORY_TO_PERIPH
Dma.SDMMC2_TX.3.FIFOMode=DMA_FIFOMODE_ENABLE
Dma.SDMMC2_TX.3.FIFOThreshold=DMA_FIFO_THRESHOLD_FULL
Dma.SDMMC2_TX.3.Instance=DMA2_Stream0
Dma.SDMMC2_TX.3.MemBurst=DMA_MBURST_INC4
Dma.SDMMC2_TX.3.MemDataAlignment=DMA_MDATAALIGN_WORD
Dma.SDMMC2_TX.3.MemInc=DMA_MINC_ENABLE
Dma.SDMMC2_TX.3.Mode=DMA_PFCTRL
Dma.SDMMC2_TX.3.PeriphBurst=DMA_PBURST_INC4
Dma.SDMMC2_TX.3.PeriphDataAlignment=DMA_PDATAALIGN_WORD
Dma.SDMMC2_TX.3.PeriphInc=DMA_PINC_DISABLE
Dma.SDMMC2_TX.3.Priority=DMA_PRIORITY_LOW
Dma.SDMMC2_TX.3.RequestParameters=Instance,Direction,PeriphInc,MemInc,PeriphDataAlignment,MemDataAlignment,Mode,Priority,FIFOMode,FIFOThreshold,MemBurst,PeriphBurst
Dma.SPI4_RX.4.Direction=DMA_PERIPH_TO_MEMORY
Dma.SPI4_RX.4.FIFOMode=DMA_FIFOMODE_DISABLE
Dma.SPI4_RX.4.Instance=DMA2_Stream3
Dma.SPI4_RX.4.MemDataAlignment=DMA_MDATAALIGN_BYTE
Dma.SPI4_RX.4.MemInc=DMA_MINC_ENABLE
Dma.SPI4_RX.4.Mode=DMA_NORMAL
Dma.SPI4_RX.4.PeriphDataAlignment=DMA_PDATAALIGN_BYTE
Dma.SPI4_RX.4.PeriphInc=DMA_PINC_DISABLE
Dma.SPI4_RX.4.Priority=DMA_PRIORITY_LOW
Dma.SPI4_RX.4.RequestParameters=Instance,Direction,PeriphInc,MemInc,PeriphDataAlignment,MemDataAlignment,Mode,Priority,FIFOMode
Dma.SPI4_TX.5.Direction=DMA_MEMORY_TO_PERIPH
Dma.SPI4_TX.5.FIFOMode=DMA_FIFOMODE_DISABLE
Dma.SPI4_TX.5.Instance=DMA2_Stream1
Dma.SPI4_TX.5.MemDataAlignment=DMA_MDATAALIGN_BYTE
Dma.SPI4_TX.5.MemInc=DMA_MINC_ENABLE
Dma.SPI4_TX.5.Mode=DMA_NORMAL
Dma.SPI4_TX.5.PeriphDataAlignment=DMA_PDATAALIGN_BYTE
Dma.SPI4_TX.5.PeriphInc=DMA_PINC_DISABLE
Dma.SPI4_TX.5.Priority=DMA_PRIORITY_LOW
Dma.SPI4_TX.5.RequestParameters=Instance,Direction,PeriphInc,MemInc,PeriphDataAlignment,MemDataAlignment,Mode,Priority,FIFOMode
Dma.UART5_TX.6.Direction=DMA_MEMORY_TO_PERIPH
Dma.UART5_TX.6.FIFOMode=DMA_FIFOMODE_DISABLE
Dma.UART5_TX.6.Instance=DMA1_Stream7
Dma.UART5_TX.6.MemDataAlignment=DMA_MDATAALIGN_BYTE
Dma.UART5_TX.6.MemInc=DMA_MINC_ENABLE
Dma.UART5_TX.6.Mode=DMA_NORMAL
Dma.UART5_TX.6.PeriphDataAlignment=DMA_PDATAALIGN_BYTE
Dma.UART5_TX.6.PeriphInc=DMA_PINC_DISABLE
Dma.UART5_TX.6.Priority=DMA_PRIORITY_LOW
Dma.UART5_TX.6.RequestParameters=Instance,Direction,PeriphInc,MemInc,PeriphDataAlignment,MemDataAlignment,Mode,Priority,FIFOMode
Dma.UART7_TX.7.Direction=DMA_MEMORY_TO_PERIPH
Dma.UART7_TX.7.FIFOMode=DMA_FIFOMODE_DISABLE
Dma.UART7_TX.7.Instance=DMA1_Stream1
Dma.UART7_TX.7.MemDataAlignment=DMA_MDATAALIGN_BYTE
Dma.UART7_TX.7.MemInc=DMA_MINC_ENABLE
Dma.UART7_TX.7.Mode=DMA_NORMAL
Dma.UART7_TX.7.PeriphDataAlignment=DMA_PDATAALIGN_BYTE
Dma.UART7_TX.7.PeriphInc=DMA_PINC_DISABLE
Dma.UART7_TX.7.Priority=DMA_PRIORITY_LOW
Dma.UART7_TX.7.RequestParameters=Instance,Direction,PeriphInc,MemInc,PeriphDataAlignment,MemDataAlignment,Mode,Priority,FIFOMode
Dma.UART8_TX.8.Direction=DMA_MEMORY_TO_PERIPH
Dma.UART8_TX.8.FIFOMode=DMA_FIFOMODE_DISABLE
Dma.UART8_TX.8.Instance=DMA1_Stream0
Dma.UART8_TX.8.MemDataAlignment=DMA_MDATAALIGN_BYTE
Dma.UART8_TX.8.MemInc=DMA_MINC_ENABLE
Dma.UART8_TX.8.Mode=DMA_NORMAL
Dma.UART8_TX.8.PeriphDataAlignment=DMA_PDATAALIGN_BYTE
Dma.UART8_TX.8.PeriphInc=DMA_PINC_DISABLE
Dma.UART8_TX.8.Priority=DMA_PRIORITY_LOW
Dma.UART8_TX.8.RequestParameters=Instance,Direction,PeriphInc,MemInc,PeriphDataAlignment,MemDataAlignment,Mode,Priority,FIFOMode
Dma.USART1_TX.9.Direction=DMA_MEMORY_TO_PERIPH
Dma.USART1_TX.9.FIFOMode=DMA_FIFOMODE_DISABLE
Dma.USART1_TX.9.Instance=DMA2_Stream7
Dma.USART1_TX.9.MemDataAlignment=DMA_MDATAALIGN_BYTE
Dma.USART1_TX.9.MemInc=DMA_MINC_ENABLE
Dma.USART1_TX.9.Mode=DMA_NORMAL
Dma.USART1_TX.9.PeriphDataAlignment=DMA_PDATAALIGN_BYTE
Dma.USART1_TX.9.PeriphInc=DMA_PINC_DISABLE
Dma.USART1_TX.9.Priority=DMA_PRIORITY_LOW
Dma.USART1_TX.9.RequestParameters=Instance,Direction,PeriphInc,MemInc,PeriphDataAlignment,MemDataAlignment,Mode,Priority,FIFOMode
Dma.USART2_TX.10.Direction=DMA_MEMORY_TO_PERIPH
Dma.USART2_TX.10.FIFOMode=DMA_FIFOMODE_DISABLE
Dma.USART2_TX.10.Instance=DMA1_Stream6
Dma.USART2_TX.10.MemDataAlignment=DMA_MDATAALIGN_BYTE
Dma.USART2_TX.10.MemInc=DMA_MINC_ENABLE
Dma.USART2_TX.10.Mode=DMA_NORMAL
Dma.USART2_TX.10.PeriphDataAlignment=DMA_PDATAALIGN_BYTE
Dma.USART2_TX.10.PeriphInc=DMA_PINC_DISABLE
Dma.USART2_TX.10.Priority=DMA_PRIORITY_LOW
Dma.USART2_TX.10.RequestParameters=Instance,Direction,PeriphInc,MemInc,PeriphDataAlignment,MemDataAlignment,Mode,Priority,FIFOMode
Dma.USART3_TX.11.Direction=DMA_MEMORY_TO_PERIPH
Dma.USART3_TX.11.FIFOMode=DMA_FIFOMODE_DISABLE
Dma.USART3_TX.11.Instance=DMA1_Stream3
Dma.USART3_TX.11.MemDataAlignment=DMA_MDATAALIGN_BYTE
Dma.USART3_TX.11.MemInc=DMA_MINC_ENABLE
Dma.USART3_TX.11.Mode=DMA_NORMAL
Dma.USART3_TX.11.PeriphDataAlignment=DMA_PDATAALIGN_BYTE
Dma.USART3_TX.11.PeriphInc=DMA_PINC_DISABLE
Dma.USART3_TX.11.Priority=DMA_PRIORITY_LOW
Dma.USART3_TX.11.RequestParameters=Instance,Direction,PeriphInc,MemInc,PeriphDataAlignment,MemDataAlignment,Mode,Priority,FIFOMode
ETH.IPParameters=MediaInterface
ETH.MediaInterface=HAL_ETH_RMII_MODE
FREERTOS.FootprintOK=true
FREERTOS.IPParameters=Tasks01,FootprintOK,configMINIMAL_STACK_SIZE,configTOTAL_HEAP_SIZE,configENABLE_FPU,configRECORD_STACK_HIGH_ADDRESS,configUSE_TRACE_FACILITY,configCHECK_FOR_STACK_OVERFLOW,configMAX_TASK_NAME_LEN,configUSE_NEWLIB_REENTRANT
FREERTOS.Tasks01=defaultTask,0,512,StartDefaultTask,As weak,NULL,Static,defaultTaskBuffer,defaultTaskControlBlock
FREERTOS.configCHECK_FOR_STACK_OVERFLOW=0
FREERTOS.configENABLE_FPU=0
FREERTOS.configMAX_TASK_NAME_LEN=32
FREERTOS.configMINIMAL_STACK_SIZE=512
FREERTOS.configRECORD_STACK_HIGH_ADDRESS=1
FREERTOS.configTOTAL_HEAP_SIZE=65536
FREERTOS.configUSE_NEWLIB_REENTRANT=1
FREERTOS.configUSE_TRACE_FACILITY=1
File.Version=6
GPIO.groupedBy=Group By Peripherals
I2C2.IPParameters=Timing
I2C2.Timing=0x20404768
I2C4.IPParameters=Timing
I2C4.Timing=0x20404768
KeepUserPlacement=false
LWIP.BSP.number=1
LWIP.GATEWAY_ADDRESS=192.168.002.001
LWIP.IPParameters=LWIP_DHCP,IP_ADDRESS,NETMASK_ADDRESS,GATEWAY_ADDRESS,LWIP_HTTPD,LWIP_HTTPD_SSI_BY_FILE_EXTENSION,MEMP_USE_CUSTOM_POOLS,MEM_SIZE,MEM_USE_POOLS,MEM_USE_POOLS_TRY_BIGGER_POOL,TCP_WND_UPDATE_THRESHOLD,SLIPIF_THREAD_STACKSIZE,TCPIP_THREAD_STACKSIZE
LWIP.IP_ADDRESS=192.168.002.033
LWIP.LWIP_DHCP=0
LWIP.LWIP_HTTPD=0
LWIP.LWIP_HTTPD_SSI_BY_FILE_EXTENSION=0
LWIP.MEMP_USE_CUSTOM_POOLS=1
LWIP.MEM_SIZE=16384
LWIP.MEM_USE_POOLS=1
LWIP.MEM_USE_POOLS_TRY_BIGGER_POOL=1
LWIP.NETMASK_ADDRESS=255.255.255.000
LWIP.SLIPIF_THREAD_STACKSIZE=8092
LWIP.TCPIP_THREAD_STACKSIZE=8092
LWIP.TCP_WND_UPDATE_THRESHOLD=2920
LWIP.Version=v2.1.2_Cube
LWIP0.BSP.STBoard=false
LWIP0.BSP.api=BSP_COMPONENT_DRIVER
LWIP0.BSP.component=LAN8742
LWIP0.BSP.condition=
LWIP0.BSP.instance=LAN8742
LWIP0.BSP.ip=
LWIP0.BSP.mode=
LWIP0.BSP.name=Driver_PHY
LWIP0.BSP.semaphore=S_LAN8742
LWIP0.BSP.solution=LAN8742
Mcu.CPN=STM32F767ZGT6
Mcu.Family=STM32F7
Mcu.IP0=ADC1
Mcu.IP1=CAN1
Mcu.IP10=I2C4
Mcu.IP11=LWIP
Mcu.IP12=NVIC
Mcu.IP13=QUADSPI
Mcu.IP14=RCC
Mcu.IP15=RNG
Mcu.IP16=RTC
Mcu.IP17=SDMMC1
Mcu.IP18=SDMMC2
Mcu.IP19=SPI4
Mcu.IP2=CAN2
Mcu.IP20=SYS
Mcu.IP21=TIM2
Mcu.IP22=UART5
Mcu.IP23=UART7
Mcu.IP24=UART8
Mcu.IP25=USART1
Mcu.IP26=USART2
Mcu.IP27=USART3
Mcu.IP28=USB_OTG_FS
Mcu.IP29=USB_OTG_HS
Mcu.IP3=CAN3
Mcu.IP4=CORTEX_M7
Mcu.IP5=CRC
Mcu.IP6=DMA
Mcu.IP7=ETH
Mcu.IP8=FREERTOS
Mcu.IP9=I2C2
Mcu.IPNb=30
Mcu.Name=STM32F767ZGTx
Mcu.Package=LQFP144
Mcu.Pin0=PE2
Mcu.Pin1=PE4
Mcu.Pin10=PF3
Mcu.Pin11=PF4
Mcu.Pin12=PF5
Mcu.Pin13=PF6
Mcu.Pin14=PF7
Mcu.Pin15=PF8
Mcu.Pin16=PF9
Mcu.Pin17=PF10
Mcu.Pin18=PH0/OSC_IN
Mcu.Pin19=PH1/OSC_OUT
Mcu.Pin2=PE5
Mcu.Pin20=PC0
Mcu.Pin21=PC1
Mcu.Pin22=PA0/WKUP
Mcu.Pin23=PA1
Mcu.Pin24=PA2
Mcu.Pin25=PA3
Mcu.Pin26=PA4
Mcu.Pin27=PA7
Mcu.Pin28=PC4
Mcu.Pin29=PC5
Mcu.Pin3=PE6
Mcu.Pin30=PB0
Mcu.Pin31=PF14
Mcu.Pin32=PF15
Mcu.Pin33=PE7
Mcu.Pin34=PE8
Mcu.Pin35=PE9
Mcu.Pin36=PE10
Mcu.Pin37=PB10
Mcu.Pin38=PB11
Mcu.Pin39=PB12
Mcu.Pin4=PC13
Mcu.Pin40=PB13
Mcu.Pin41=PB14
Mcu.Pin42=PB15
Mcu.Pin43=PD8
Mcu.Pin44=PD9
Mcu.Pin45=PD10
Mcu.Pin46=PD11
Mcu.Pin47=PD13
Mcu.Pin48=PG4
Mcu.Pin49=PG6
Mcu.Pin5=PC14/OSC32_IN
Mcu.Pin50=PG7
Mcu.Pin51=PG8
Mcu.Pin52=PC6
Mcu.Pin53=PC7
Mcu.Pin54=PC8
Mcu.Pin55=PC9
Mcu.Pin56=PA8
Mcu.Pin57=PA9
Mcu.Pin58=PA10
Mcu.Pin59=PA11
Mcu.Pin6=PC15/OSC32_OUT
Mcu.Pin60=PA12
Mcu.Pin61=PA13
Mcu.Pin62=PA14
Mcu.Pin63=PA15
Mcu.Pin64=PC10
Mcu.Pin65=PC11
Mcu.Pin66=PC12
Mcu.Pin67=PD0
Mcu.Pin68=PD1
Mcu.Pin69=PD2
Mcu.Pin7=PF0
Mcu.Pin70=PD3
Mcu.Pin71=PD4
Mcu.Pin72=PD5
Mcu.Pin73=PD6
Mcu.Pin74=PD7
Mcu.Pin75=PG9
Mcu.Pin76=PG10
Mcu.Pin77=PG11
Mcu.Pin78=PG12
Mcu.Pin79=PG13
Mcu.Pin8=PF1
Mcu.Pin80=PG14
Mcu.Pin81=PG15
Mcu.Pin82=PB3
Mcu.Pin83=PB4
Mcu.Pin84=PB5
Mcu.Pin85=PB6
Mcu.Pin86=PB8
Mcu.Pin87=PB9
Mcu.Pin88=PE0
Mcu.Pin89=PE1
Mcu.Pin9=PF2
Mcu.Pin90=VP_CRC_VS_CRC
Mcu.Pin91=VP_FREERTOS_VS_CMSIS_V1
Mcu.Pin92=VP_LWIP_VS_Enabled
Mcu.Pin93=VP_RNG_VS_RNG
Mcu.Pin94=VP_RTC_VS_RTC_Activate
Mcu.Pin95=VP_SYS_VS_tim4
Mcu.Pin96=VP_TIM2_VS_ControllerModeTrigger
Mcu.PinsNb=97
Mcu.ThirdPartyNb=0
Mcu.UserConstants=
Mcu.UserName=STM32F767ZGTx
MxCube.Version=6.7.0
MxDb.Version=DB.6.0.70
NVIC.ADC_IRQn=true\:5\:0\:false\:false\:true\:true\:true\:true\:true
NVIC.BusFault_IRQn=true\:0\:0\:false\:false\:true\:false\:false\:false\:false
NVIC.CAN1_RX0_IRQn=true\:5\:0\:false\:false\:true\:true\:true\:true\:true
NVIC.CAN1_RX1_IRQn=true\:5\:0\:false\:false\:true\:true\:true\:true\:true
NVIC.CAN1_SCE_IRQn=true\:5\:0\:false\:false\:true\:true\:true\:true\:true
NVIC.CAN1_TX_IRQn=true\:5\:0\:false\:false\:true\:true\:true\:true\:true
NVIC.CAN2_RX0_IRQn=true\:5\:0\:false\:false\:true\:true\:true\:true\:true
NVIC.CAN2_RX1_IRQn=true\:5\:0\:false\:false\:true\:true\:true\:true\:true
NVIC.CAN2_SCE_IRQn=true\:5\:0\:false\:false\:true\:true\:true\:true\:true
NVIC.CAN2_TX_IRQn=true\:5\:0\:false\:false\:true\:true\:true\:true\:true
NVIC.CAN3_RX0_IRQn=true\:5\:0\:false\:false\:true\:true\:true\:true\:true
NVIC.CAN3_RX1_IRQn=true\:5\:0\:false\:false\:true\:true\:true\:true\:true
NVIC.CAN3_SCE_IRQn=true\:5\:0\:false\:false\:true\:true\:true\:true\:true
NVIC.CAN3_TX_IRQn=true\:5\:0\:false\:false\:true\:true\:true\:true\:true
NVIC.DMA1_Stream0_IRQn=true\:5\:0\:false\:false\:true\:true\:false\:true\:true
NVIC.DMA1_Stream1_IRQn=true\:5\:0\:false\:false\:true\:true\:false\:true\:true
NVIC.DMA1_Stream3_IRQn=true\:5\:0\:false\:false\:true\:true\:false\:true\:true
NVIC.DMA1_Stream6_IRQn=true\:5\:0\:false\:false\:true\:true\:false\:true\:true
NVIC.DMA1_Stream7_IRQn=true\:5\:0\:false\:false\:true\:true\:false\:true\:true
NVIC.DMA2_Stream0_IRQn=true\:5\:0\:false\:false\:true\:true\:false\:true\:true
NVIC.DMA2_Stream1_IRQn=true\:5\:0\:false\:false\:true\:true\:false\:true\:true
NVIC.DMA2_Stream2_IRQn=true\:5\:0\:false\:false\:true\:true\:false\:true\:true
NVIC.DMA2_Stream3_IRQn=true\:5\:0\:false\:false\:true\:true\:false\:true\:true
NVIC.DMA2_Stream4_IRQn=true\:5\:0\:false\:false\:true\:true\:false\:true\:true
NVIC.DMA2_Stream5_IRQn=true\:5\:0\:false\:false\:true\:true\:false\:true\:true
NVIC.DMA2_Stream6_IRQn=true\:5\:0\:false\:false\:true\:false\:false\:true\:true
NVIC.DMA2_Stream7_IRQn=true\:5\:0\:false\:false\:true\:true\:false\:true\:true
NVIC.DebugMonitor_IRQn=true\:0\:0\:false\:false\:true\:false\:false\:false\:false
NVIC.ETH_IRQn=true\:5\:0\:false\:false\:true\:true\:true\:true\:true
NVIC.ETH_WKUP_IRQn=true\:5\:0\:false\:false\:true\:true\:true\:true\:true
NVIC.ForceEnableDMAVector=true
NVIC.HASH_RNG_IRQn=true\:5\:0\:false\:false\:true\:true\:true\:true\:true
NVIC.HardFault_IRQn=true\:0\:0\:false\:false\:true\:false\:false\:false\:false
NVIC.I2C2_ER_IRQn=true\:5\:0\:false\:false\:true\:true\:true\:true\:true
NVIC.I2C2_EV_IRQn=true\:5\:0\:false\:false\:true\:true\:true\:true\:true
NVIC.MemoryManagement_IRQn=true\:0\:0\:false\:false\:true\:false\:false\:false\:false
NVIC.NonMaskableInt_IRQn=true\:0\:0\:false\:false\:true\:false\:false\:false\:false
NVIC.PendSV_IRQn=true\:15\:0\:false\:false\:false\:true\:false\:false\:false
NVIC.PriorityGroup=NVIC_PRIORITYGROUP_4
NVIC.QUADSPI_IRQn=true\:5\:0\:false\:false\:true\:true\:true\:true\:true
NVIC.SDMMC1_IRQn=true\:5\:0\:false\:false\:true\:true\:true\:true\:true
NVIC.SDMMC2_IRQn=true\:5\:0\:false\:false\:true\:true\:true\:true\:true
NVIC.SPI4_IRQn=true\:5\:0\:false\:false\:true\:true\:true\:true\:true
NVIC.SVCall_IRQn=true\:0\:0\:false\:false\:false\:false\:false\:false\:false
NVIC.SavedPendsvIrqHandlerGenerated=true
NVIC.SavedSvcallIrqHandlerGenerated=true
NVIC.SavedSystickIrqHandlerGenerated=true
NVIC.SysTick_IRQn=true\:15\:0\:false\:false\:false\:true\:false\:true\:false
NVIC.TIM4_IRQn=true\:15\:0\:false\:false\:true\:false\:false\:true\:true
NVIC.TimeBase=TIM4_IRQn
NVIC.TimeBaseIP=TIM4
NVIC.UART5_IRQn=true\:5\:0\:false\:false\:true\:true\:true\:true\:true
NVIC.UART7_IRQn=true\:5\:0\:false\:false\:true\:true\:true\:true\:true
NVIC.UART8_IRQn=true\:5\:0\:false\:false\:true\:true\:true\:true\:true
NVIC.USART1_IRQn=true\:5\:0\:false\:false\:true\:true\:true\:true\:true
NVIC.USART2_IRQn=true\:5\:0\:false\:false\:true\:true\:true\:true\:true
NVIC.USART3_IRQn=true\:5\:0\:false\:false\:true\:true\:true\:true\:true
NVIC.UsageFault_IRQn=true\:0\:0\:false\:false\:true\:false\:false\:false\:false
PA0/WKUP.Locked=true
PA0/WKUP.Signal=S_TIM2_CH1_ETR
PA1.Mode=RMII
PA1.Signal=ETH_REF_CLK
PA10.Mode=Asynchronous
PA10.Signal=USART1_RX
PA11.Locked=true
PA11.Mode=Device_Only
PA11.Signal=USB_OTG_FS_DM
PA12.Locked=true
PA12.Mode=Device_Only
PA12.Signal=USB_OTG_FS_DP
PA13.Mode=Trace_Asynchronous_SW
PA13.Signal=SYS_JTMS-SWDIO
PA14.Mode=Trace_Asynchronous_SW
PA14.Signal=SYS_JTCK-SWCLK
PA15.Mode=CAN_Activate
PA15.Signal=CAN3_TX
PA2.Mode=RMII
PA2.Signal=ETH_MDIO
PA3.Locked=true
PA3.Mode=Asynchronous
PA3.Signal=USART2_RX
PA4.Locked=true
PA4.Signal=ADCx_IN4
PA7.Mode=RMII
PA7.Signal=ETH_CRS_DV
PA8.Mode=CAN_Activate
PA8.Signal=CAN3_RX
PA9.Mode=Asynchronous
PA9.Signal=USART1_TX
PB0.GPIOParameters=GPIO_Label
PB0.GPIO_Label=RTC_RST
PB0.Locked=true
PB0.Signal=GPIO_Output
PB10.Locked=true
PB10.Mode=Enable Chip Select 1 for both banks
PB10.Signal=QUADSPI_BK1_NCS
PB11.Mode=RMII
PB11.Signal=ETH_TX_EN
PB12.Mode=CAN_Activate
PB12.Signal=CAN2_RX
PB13.Mode=CAN_Activate
PB13.Signal=CAN2_TX
PB14.Locked=true
PB14.Mode=Host_FS
PB14.Signal=USB_OTG_HS_DM
PB15.Locked=true
PB15.Mode=Host_FS
PB15.Signal=USB_OTG_HS_DP
PB3.Mode=Trace_Asynchronous_SW
PB3.Signal=SYS_JTDO-SWO
PB4.Locked=true
PB4.Mode=Asynchronous
PB4.Signal=UART7_TX
PB5.Locked=true
PB5.Mode=Asynchronous
PB5.Signal=UART5_RX
PB6.Locked=true
PB6.Mode=Asynchronous
PB6.Signal=UART5_TX
PB8.Mode=mmc_8_bits_Wide_bus
PB8.Signal=SDMMC1_D4
PB9.Mode=mmc_8_bits_Wide_bus
PB9.Signal=SDMMC1_D5
PC0.GPIOParameters=GPIO_Label
PC0.GPIO_Label=SDMMC1_nDET
PC0.Locked=true
PC0.Signal=GPIO_Input
PC1.Mode=RMII
PC1.Signal=ETH_MDC
PC10.GPIOParameters=GPIO_PuPd
PC10.GPIO_PuPd=GPIO_PULLUP
PC10.Locked=true
PC10.Mode=mmc_8_bits_Wide_bus
PC10.Signal=SDMMC1_D2
PC11.GPIOParameters=GPIO_PuPd
PC11.GPIO_PuPd=GPIO_PULLUP
PC11.Locked=true
PC11.Mode=mmc_8_bits_Wide_bus
PC11.Signal=SDMMC1_D3
PC12.GPIOParameters=GPIO_PuPd
PC12.GPIO_PuPd=GPIO_PULLUP
PC12.Locked=true
PC12.Mode=mmc_8_bits_Wide_bus
PC12.Signal=SDMMC1_CK
PC13.Mode=Calibration_1Hz
PC13.Signal=RTC_OUT
PC14/OSC32_IN.Locked=true
PC14/OSC32_IN.Mode=LSE-External-Clock-Source
PC14/OSC32_IN.Signal=RCC_OSC32_IN
PC15/OSC32_OUT.Locked=true
PC15/OSC32_OUT.Mode=LSE-External-Clock-Source
PC15/OSC32_OUT.Signal=RCC_OSC32_OUT
PC4.Mode=RMII
PC4.Signal=ETH_RXD0
PC5.Mode=RMII
PC5.Signal=ETH_RXD1
PC6.Locked=true
PC6.Mode=mmc_8_bits_Wide_bus
PC6.Signal=SDMMC1_D6
PC7.Mode=mmc_8_bits_Wide_bus
PC7.Signal=SDMMC1_D7
PC8.GPIOParameters=GPIO_PuPd
PC8.GPIO_PuPd=GPIO_PULLUP
PC8.Locked=true
PC8.Mode=mmc_8_bits_Wide_bus
PC8.Signal=SDMMC1_D0
PC9.GPIOParameters=GPIO_PuPd
PC9.GPIO_PuPd=GPIO_PULLUP
PC9.Locked=true
PC9.Mode=mmc_8_bits_Wide_bus
PC9.Signal=SDMMC1_D1
PD0.Mode=CAN_Activate
PD0.Signal=CAN1_RX
PD1.Mode=CAN_Activate
PD1.Signal=CAN1_TX
PD10.GPIOParameters=GPIO_Label
PD10.GPIO_Label=LED0
PD10.Locked=true
PD10.Signal=GPIO_Output
PD11.GPIOParameters=GPIO_Label
PD11.GPIO_Label=LED1
PD11.Locked=true
PD11.Signal=GPIO_Output
PD13.Locked=true
PD13.Mode=Dual_Bank
PD13.Signal=QUADSPI_BK1_IO3
PD2.GPIOParameters=GPIO_PuPd
PD2.GPIO_PuPd=GPIO_PULLUP
PD2.Locked=true
PD2.Mode=mmc_8_bits_Wide_bus
PD2.Signal=SDMMC1_CMD
PD3.GPIOParameters=GPIO_PuPd,GPIO_Label
PD3.GPIO_Label=SDMMC2_nDET
PD3.GPIO_PuPd=GPIO_PULLUP
PD3.Locked=true
PD3.Signal=GPIO_Input
PD4.GPIOParameters=GPIO_Label
PD4.GPIO_Label=MMC_RST
PD4.Locked=true
PD4.Signal=GPIO_Input
PD5.Mode=Asynchronous
PD5.Signal=USART2_TX
PD6.Locked=true
PD6.Mode=SD_4_bits_Wide_bus
PD6.Signal=SDMMC2_CK
PD7.Locked=true
PD7.Mode=SD_4_bits_Wide_bus
PD7.Signal=SDMMC2_CMD
PD8.Mode=Asynchronous
PD8.Signal=USART3_TX
PD9.Mode=Asynchronous
PD9.Signal=USART3_RX
PE0.Locked=true
PE0.Mode=Asynchronous
PE0.Signal=UART8_RX
PE1.Locked=true
PE1.Mode=Asynchronous
PE1.Signal=UART8_TX
PE10.Locked=true
PE10.Mode=Dual_Bank
PE10.Signal=QUADSPI_BK2_IO3
PE2.Locked=true
PE2.Mode=Full_Duplex_Master
PE2.Signal=SPI4_SCK
PE4.Locked=true
PE4.Signal=SPI4_NSS
PE5.Locked=true
PE5.Mode=Full_Duplex_Master
PE5.Signal=SPI4_MISO
PE6.Locked=true
PE6.Mode=Full_Duplex_Master
PE6.Signal=SPI4_MOSI
PE7.Locked=true
PE7.Mode=Dual_Bank
PE7.Signal=QUADSPI_BK2_IO0
PE8.Locked=true
PE8.Mode=Dual_Bank
PE8.Signal=QUADSPI_BK2_IO1
PE9.Locked=true
PE9.Mode=Dual_Bank
PE9.Signal=QUADSPI_BK2_IO2
PF0.Locked=true
PF0.Mode=I2C
PF0.Signal=I2C2_SDA
PF1.Locked=true
PF1.Mode=I2C
PF1.Signal=I2C2_SCL
PF10.Locked=true
PF10.Mode=Dual_Bank
PF10.Signal=QUADSPI_CLK
PF14.Locked=true
PF14.Mode=I2C
PF14.Signal=I2C4_SCL
PF15.Locked=true
PF15.Mode=I2C
PF15.Signal=I2C4_SDA
PF2.GPIOParameters=GPIO_Label
PF2.GPIO_Label=CFG0
PF2.Locked=true
PF2.Signal=GPIO_Input
PF3.GPIOParameters=GPIO_Label
PF3.GPIO_Label=CFG1
PF3.Locked=true
PF3.Signal=GPIO_Input
PF4.GPIOParameters=GPIO_Label
PF4.GPIO_Label=CFG2
PF4.Locked=true
PF4.Signal=GPIO_Input
PF5.GPIOParameters=GPIO_Label
PF5.GPIO_Label=CFG3
PF5.Locked=true
PF5.Signal=GPIO_Input
PF6.Locked=true
PF6.Mode=Asynchronous
PF6.Signal=UART7_RX
PF7.Locked=true
PF7.Mode=Dual_Bank
PF7.Signal=QUADSPI_BK1_IO2
PF8.Locked=true
PF8.Mode=Dual_Bank
PF8.Signal=QUADSPI_BK1_IO0
PF9.Locked=true
PF9.Mode=Dual_Bank
PF9.Signal=QUADSPI_BK1_IO1
PG10.Locked=true
PG10.Mode=SD_4_bits_Wide_bus
PG10.Signal=SDMMC2_D1
PG11.Locked=true
PG11.Mode=SD_4_bits_Wide_bus
PG11.Signal=SDMMC2_D2
PG12.Locked=true
PG12.Mode=SD_4_bits_Wide_bus
PG12.Signal=SDMMC2_D3
PG13.Mode=RMII
PG13.Signal=ETH_TXD0
PG14.Mode=RMII
PG14.Signal=ETH_TXD1
PG15.GPIOParameters=GPIO_Label
PG15.GPIO_Label=IMU_INT
PG15.Locked=true
PG15.Signal=GPIO_Input
PG4.GPIOParameters=PinState,GPIO_Label
PG4.GPIO_Label=ETH_RST
PG4.Locked=true
PG4.PinState=GPIO_PIN_RESET
PG4.Signal=GPIO_Output
PG6.GPIOParameters=GPIO_Label
PG6.GPIO_Label=IMU_BL_IND
PG6.Locked=true
PG6.Signal=GPIO_Input
PG7.GPIOParameters=GPIO_Label
PG7.GPIO_Label=IMU_RST
PG7.Locked=true
PG7.Signal=GPIO_Output
PG8.GPIOParameters=GPIO_Label
PG8.GPIO_Label=IMU_BL
PG8.Locked=true
PG8.Signal=GPIO_Output
PG9.Locked=true
PG9.Mode=SD_4_bits_Wide_bus
PG9.Signal=SDMMC2_D0
PH0/OSC_IN.Mode=HSE-External-Oscillator
PH0/OSC_IN.Signal=RCC_OSC_IN
PH1/OSC_OUT.Mode=HSE-External-Oscillator
PH1/OSC_OUT.Signal=RCC_OSC_OUT
PinOutPanel.RotationAngle=0
ProjectManager.AskForMigrate=true
ProjectManager.BackupPrevious=false
ProjectManager.CompilerOptimize=6
ProjectManager.ComputerToolchain=false
ProjectManager.CoupleFile=true
ProjectManager.CustomerFirmwarePackage=
ProjectManager.DefaultFWLocation=true
ProjectManager.DeletePrevious=true
ProjectManager.DeviceId=STM32F767ZGTx
ProjectManager.FirmwarePackage=STM32Cube FW_F7 V1.17.2
ProjectManager.FreePins=false
ProjectManager.HalAssertFull=false
ProjectManager.HeapSize=0x2000
ProjectManager.KeepUserCode=true
ProjectManager.LastFirmware=false
ProjectManager.LibraryCopy=1
ProjectManager.MainLocation=Core/Src
ProjectManager.NoMain=false
ProjectManager.PreviousToolchain=STM32CubeIDE
ProjectManager.ProjectBuild=false
ProjectManager.ProjectFileName=E2CU_template_project.ioc
ProjectManager.ProjectName=E2CU_template_project
ProjectManager.RegisterCallBack=
ProjectManager.StackSize=0x4000
ProjectManager.TargetToolchain=STM32CubeIDE
ProjectManager.ToolChainLocation=
ProjectManager.UnderRoot=true
ProjectManager.functionlistsort=1-MX_GPIO_Init-GPIO-false-HAL-true,2-SystemClock_Config-RCC-false-HAL-false,3-MX_DMA_Init-DMA-false-HAL-true,4-MX_CRC_Init-CRC-false-HAL-true,5-MX_RNG_Init-RNG-false-HAL-true,6-MX_RTC_Init-RTC-false-HAL-true,7-MX_ADC1_Init-ADC1-false-HAL-true,8-MX_TIM2_Init-TIM2-false-HAL-true,9-MX_USART1_UART_Init-USART1-false-HAL-true,10-MX_USART2_UART_Init-USART2-false-HAL-true,11-MX_USART3_UART_Init-USART3-false-HAL-true,12-MX_UART5_Init-UART5-false-HAL-true,13-MX_UART7_Init-UART7-false-HAL-true,14-MX_UART8_Init-UART8-false-HAL-true,15-MX_CAN1_Init-CAN1-false-HAL-true,16-MX_CAN2_Init-CAN2-false-HAL-true,17-MX_CAN3_Init-CAN3-false-HAL-true,18-MX_I2C2_Init-I2C2-false-HAL-true,19-MX_I2C4_Init-I2C4-false-HAL-true,20-MX_SPI4_Init-SPI4-false-HAL-true,21-MX_QUADSPI_Init-QUADSPI-false-HAL-true,22-MX_SDMMC1_MMC_Init-SDMMC1-false-HAL-true,23-MX_SDMMC2_SD_Init-SDMMC2-true-HAL-true,24-MX_USB_OTG_FS_PCD_Init-USB_OTG_FS-true-HAL-true,25-MX_USB_OTG_HS_HCD_Init-USB_OTG_HS-true-HAL-true,26-MX_LWIP_Init-LWIP-true-HAL-false,0-MX_CORTEX_M7_Init-CORTEX_M7-false-HAL-true
RCC.AHBFreq_Value=216000000
RCC.APB1CLKDivider=RCC_HCLK_DIV4
RCC.APB1Freq_Value=54000000
RCC.APB1TimFreq_Value=108000000
RCC.APB2CLKDivider=RCC_HCLK_DIV2
RCC.APB2Freq_Value=108000000
RCC.APB2TimFreq_Value=216000000
RCC.CECFreq_Value=32786.88524590164
RCC.CortexFreq_Value=216000000
RCC.DFSDMAudioFreq_Value=96000000
RCC.DFSDMFreq_Value=108000000
RCC.EthernetFreq_Value=216000000
RCC.FCLKCortexFreq_Value=216000000
RCC.FamilyName=M
RCC.HCLKFreq_Value=216000000
RCC.HSE_VALUE=8000000
RCC.HSI_VALUE=16000000
RCC.I2C1Freq_Value=54000000
RCC.I2C2Freq_Value=54000000
RCC.I2C3Freq_Value=54000000
RCC.I2C4Freq_Value=54000000
RCC.I2SFreq_Value=96000000
RCC.IPParameters=AHBFreq_Value,APB1CLKDivider,APB1Freq_Value,APB1TimFreq_Value,APB2CLKDivider,APB2Freq_Value,APB2TimFreq_Value,CECFreq_Value,CortexFreq_Value,DFSDMAudioFreq_Value,DFSDMFreq_Value,EthernetFreq_Value,FCLKCortexFreq_Value,FamilyName,HCLKFreq_Value,HSE_VALUE,HSI_VALUE,I2C1Freq_Value,I2C2Freq_Value,I2C3Freq_Value,I2C4Freq_Value,I2SFreq_Value,LCDTFTFreq_Value,LPTIM1Freq_Value,LSE_VALUE,LSI_VALUE,MCO2PinFreq_Value,PLLCLKFreq_Value,PLLI2SPCLKFreq_Value,PLLI2SQCLKFreq_Value,PLLI2SRCLKFreq_Value,PLLI2SRoutputFreq_Value,PLLM,PLLN,PLLQ,PLLQCLKFreq_Value,PLLQoutputFreq_Value,PLLRFreq_Value,PLLSAIPCLKFreq_Value,PLLSAIQCLKFreq_Value,PLLSAIRCLKFreq_Value,PLLSAIoutputFreq_Value,RNGFreq_Value,RTCFreq_Value,SAI1Freq_Value,SAI2Freq_Value,SDMMC2ClockSelection,SDMMC2Freq_Value,SDMMCClockSelection,SDMMCFreq_Value,SPDIFRXFreq_Value,SYSCLKFreq_VALUE,SYSCLKSource,UART4Freq_Value,UART5Freq_Value,UART7Freq_Value,UART8Freq_Value,USART1Freq_Value,USART2Freq_Value,USART3Freq_Value,USART6Freq_Value,USBFreq_Value,VCOI2SOutputFreq_Value,VCOInputFreq_Value,VCOOutputFreq_Value,VCOSAIOutputFreq_Value
RCC.LCDTFTFreq_Value=48000000
RCC.LPTIM1Freq_Value=54000000
RCC.LSE_VALUE=32768
RCC.LSI_VALUE=32000
RCC.MCO2PinFreq_Value=216000000
RCC.PLLCLKFreq_Value=216000000
RCC.PLLI2SPCLKFreq_Value=96000000
RCC.PLLI2SQCLKFreq_Value=96000000
RCC.PLLI2SRCLKFreq_Value=96000000
RCC.PLLI2SRoutputFreq_Value=96000000
RCC.PLLM=8
RCC.PLLN=432
RCC.PLLQ=9
RCC.PLLQCLKFreq_Value=48000000
RCC.PLLQoutputFreq_Value=48000000
RCC.PLLRFreq_Value=216000000
RCC.PLLSAIPCLKFreq_Value=96000000
RCC.PLLSAIQCLKFreq_Value=96000000
RCC.PLLSAIRCLKFreq_Value=96000000
RCC.PLLSAIoutputFreq_Value=96000000
RCC.RNGFreq_Value=48000000
RCC.RTCFreq_Value=32000
RCC.SAI1Freq_Value=96000000
RCC.SAI2Freq_Value=96000000
RCC.SDMMC2ClockSelection=RCC_SDMMC2CLKSOURCE_CLK48
RCC.SDMMC2Freq_Value=48000000
RCC.SDMMCClockSelection=RCC_SDMMC1CLKSOURCE_CLK48
RCC.SDMMCFreq_Value=48000000
RCC.SPDIFRXFreq_Value=96000000
RCC.SYSCLKFreq_VALUE=216000000
RCC.SYSCLKSource=RCC_SYSCLKSOURCE_PLLCLK
RCC.UART4Freq_Value=54000000
RCC.UART5Freq_Value=54000000
RCC.UART7Freq_Value=54000000
RCC.UART8Freq_Value=54000000
RCC.USART1Freq_Value=108000000
RCC.USART2Freq_Value=54000000
RCC.USART3Freq_Value=54000000
RCC.USART6Freq_Value=108000000
RCC.USBFreq_Value=48000000
RCC.VCOI2SOutputFreq_Value=192000000
RCC.VCOInputFreq_Value=1000000
RCC.VCOOutputFreq_Value=432000000
RCC.VCOSAIOutputFreq_Value=192000000
SDMMC1.ClockDiv=3
SDMMC1.IPParameters=ClockDiv
SH.ADCx_IN4.0=ADC1_IN4,IN4
SH.ADCx_IN4.ConfNb=1
SH.S_TIM2_CH1_ETR.0=TIM2_ETR,TriggerSource_ETR
SH.S_TIM2_CH1_ETR.ConfNb=1
SPI4.CalculateBaudRate=54.0 MBits/s
SPI4.DataSize=SPI_DATASIZE_8BIT
SPI4.Direction=SPI_DIRECTION_2LINES
SPI4.IPParameters=VirtualType,Mode,Direction,CalculateBaudRate,DataSize
SPI4.Mode=SPI_MODE_MASTER
SPI4.VirtualType=VM_MASTER
USART1.IPParameters=VirtualMode-Asynchronous
USART1.VirtualMode-Asynchronous=VM_ASYNC
USART2.IPParameters=VirtualMode-Asynchronous
USART2.VirtualMode-Asynchronous=VM_ASYNC
USART3.IPParameters=VirtualMode-Asynchronous
USART3.VirtualMode-Asynchronous=VM_ASYNC
USB_OTG_FS.IPParameters=VirtualMode
USB_OTG_FS.VirtualMode=Device_Only
USB_OTG_HS.IPParameters=VirtualMode-Host_FS
USB_OTG_HS.VirtualMode-Host_FS=Host_FS
VP_CRC_VS_CRC.Mode=CRC_Activate
VP_CRC_VS_CRC.Signal=CRC_VS_CRC
VP_FREERTOS_VS_CMSIS_V1.Mode=CMSIS_V1
VP_FREERTOS_VS_CMSIS_V1.Signal=FREERTOS_VS_CMSIS_V1
VP_LWIP_VS_Enabled.Mode=Enabled
VP_LWIP_VS_Enabled.Signal=LWIP_VS_Enabled
VP_RNG_VS_RNG.Mode=RNG_Activate
VP_RNG_VS_RNG.Signal=RNG_VS_RNG
VP_RTC_VS_RTC_Activate.Mode=RTC_Enabled
VP_RTC_VS_RTC_Activate.Signal=RTC_VS_RTC_Activate
VP_SYS_VS_tim4.Mode=TIM4
VP_SYS_VS_tim4.Signal=SYS_VS_tim4
VP_TIM2_VS_ControllerModeTrigger.Mode=Trigger Mode
VP_TIM2_VS_ControllerModeTrigger.Signal=TIM2_VS_ControllerModeTrigger
board=custom
isbadioc=false
